
Microsoft Visual Studio Solution File, Format Version 12.00
# Visual Studio Version 17
VisualStudioVersion = 17.6.33801.468
MinimumVisualStudioVersion = 10.0.40219.1
Project("{9A19103F-16F7-4668-BE54-9A1E7A4F7556}") = "FromChildToMaster.Module", "FromChildToMaster.Module\FromChildToMaster.Module.csproj", "{6D938052-10DE-4041-BF04-6EC557B1AEDD}"
EndProject
Project("{9A19103F-16F7-4668-BE54-9A1E7A4F7556}") = "FromChildToMaster.Win", "FromChildToMaster.Win\FromChildToMaster.Win.csproj", "{CCB9F314-0D5D-40BC-AB7B-794A28770762}"
EndProject
Project("{9A19103F-16F7-4668-BE54-9A1E7A4F7556}") = "FromChildToMaster.Blazor.Server", "FromChildToMaster.Blazor.Server\FromChildToMaster.Blazor.Server.csproj", "{9B214411-3FD0-4375-8CAE-CF109716A62D}"
EndProject
Global
	GlobalSection(SolutionConfigurationPlatforms) = preSolution
		Debug|Any CPU = Debug|Any CPU
		EasyTest|Any CPU = EasyTest|Any CPU
		Release|Any CPU = Release|Any CPU
	EndGlobalSection
	GlobalSection(ProjectConfigurationPlatforms) = postSolution
		{6D938052-10DE-4041-BF04-6EC557B1AEDD}.Debug|Any CPU.ActiveCfg = Debug|Any CPU
		{6D938052-10DE-4041-BF04-6EC557B1AEDD}.Debug|Any CPU.Build.0 = Debug|Any CPU
		{6D938052-10DE-4041-BF04-6EC557B1AEDD}.EasyTest|Any CPU.ActiveCfg = EasyTest|Any CPU
		{6D938052-10DE-4041-BF04-6EC557B1AEDD}.EasyTest|Any CPU.Build.0 = EasyTest|Any CPU
		{6D938052-10DE-4041-BF04-6EC557B1AEDD}.Release|Any CPU.ActiveCfg = Release|Any CPU
		{6D938052-10DE-4041-BF04-6EC557B1AEDD}.Release|Any CPU.Build.0 = Release|Any CPU
		{CCB9F314-0D5D-40BC-AB7B-794A28770762}.Debug|Any CPU.ActiveCfg = Debug|Any CPU
		{CCB9F314-0D5D-40BC-AB7B-794A28770762}.Debug|Any CPU.Build.0 = Debug|Any CPU
		{CCB9F314-0D5D-40BC-AB7B-794A28770762}.EasyTest|Any CPU.ActiveCfg = EasyTest|Any CPU
		{CCB9F314-0D5D-40BC-AB7B-794A28770762}.EasyTest|Any CPU.Build.0 = EasyTest|Any CPU
		{CCB9F314-0D5D-40BC-AB7B-794A28770762}.Release|Any CPU.ActiveCfg = Release|Any CPU
		{CCB9F314-0D5D-40BC-AB7B-794A28770762}.Release|Any CPU.Build.0 = Release|Any CPU
		{9B214411-3FD0-4375-8CAE-CF109716A62D}.Debug|Any CPU.ActiveCfg = Debug|Any CPU
		{9B214411-3FD0-4375-8CAE-CF109716A62D}.Debug|Any CPU.Build.0 = Debug|Any CPU
		{9B214411-3FD0-4375-8CAE-CF109716A62D}.EasyTest|Any CPU.ActiveCfg = EasyTest|Any CPU
		{9B214411-3FD0-4375-8CAE-CF109716A62D}.EasyTest|Any CPU.Build.0 = EasyTest|Any CPU
		{9B214411-3FD0-4375-8CAE-CF109716A62D}.Release|Any CPU.ActiveCfg = Release|Any CPU
		{9B214411-3FD0-4375-8CAE-CF109716A62D}.Release|Any CPU.Build.0 = Release|Any CPU
	EndGlobalSection
	GlobalSection(SolutionProperties) = preSolution
		HideSolutionNode = FALSE
	EndGlobalSection
	GlobalSection(ExtensibilityGlobals) = postSolution
		SolutionGuid = {1A4050A7-960E-450B-A0D0-C7657871F56E}
	EndGlobalSection
EndGlobal
